
Microsoft Visual Studio Solution File, Format Version 12.00
# Visual Studio Version 17
VisualStudioVersion = 17.8.34511.84
MinimumVisualStudioVersion = 10.0.40219.1
Project("{FAE04EC0-301F-11D3-BF4B-00C04F79EFBC}") = "sneaker-collectors_backend", "sneaker-collectors_backend\sneaker-collectors_backend.csproj", "{F745F402-7F6A-4B79-8934-05375B7201B0}"
EndProject
Global
	GlobalSection(SolutionConfigurationPlatforms) = preSolution
		Debug|Any CPU = Debug|Any CPU
		Release|Any CPU = Release|Any CPU
	EndGlobalSection
	GlobalSection(ProjectConfigurationPlatforms) = postSolution
		{F745F402-7F6A-4B79-8934-05375B7201B0}.Debug|Any CPU.ActiveCfg = Debug|Any CPU
		{F745F402-7F6A-4B79-8934-05375B7201B0}.Debug|Any CPU.Build.0 = Debug|Any CPU
		{F745F402-7F6A-4B79-8934-05375B7201B0}.Release|Any CPU.ActiveCfg = Release|Any CPU
		{F745F402-7F6A-4B79-8934-05375B7201B0}.Release|Any CPU.Build.0 = Release|Any CPU
	EndGlobalSection
	GlobalSection(SolutionProperties) = preSolution
		HideSolutionNode = FALSE
	EndGlobalSection
	GlobalSection(ExtensibilityGlobals) = postSolution
		SolutionGuid = {0C0CBDED-4BE1-48D2-B87C-6F3485BD381F}
	EndGlobalSection
EndGlobal
